
Microsoft Visual Studio Solution File, Format Version 12.00
# Visual Studio Version 17
VisualStudioVersion = 17.2.32630.192
MinimumVisualStudioVersion = 10.0.40219.1
Project("{8BC9CEB8-8B4A-11D0-8D11-00A0C91BC942}") = "Apple-Game", "Apple-Game.vcxproj", "{DE067BEB-E42C-4E3A-8BE0-6D4B1441970E}"
EndProject
Global
	GlobalSection(SolutionConfigurationPlatforms) = preSolution
		Debug|x64 = Debug|x64
		Debug|x86 = Debug|x86
		Release|x64 = Release|x64
		Release|x86 = Release|x86
	EndGlobalSection
	GlobalSection(ProjectConfigurationPlatforms) = postSolution
		{DE067BEB-E42C-4E3A-8BE0-6D4B1441970E}.Debug|x64.ActiveCfg = Debug|x64
		{DE067BEB-E42C-4E3A-8BE0-6D4B1441970E}.Debug|x64.Build.0 = Debug|x64
		{DE067BEB-E42C-4E3A-8BE0-6D4B1441970E}.Debug|x86.ActiveCfg = Debug|Win32
		{DE067BEB-E42C-4E3A-8BE0-6D4B1441970E}.Debug|x86.Build.0 = Debug|Win32
		{DE067BEB-E42C-4E3A-8BE0-6D4B1441970E}.Release|x64.ActiveCfg = Release|x64
		{DE067BEB-E42C-4E3A-8BE0-6D4B1441970E}.Release|x64.Build.0 = Release|x64
		{DE067BEB-E42C-4E3A-8BE0-6D4B1441970E}.Release|x86.ActiveCfg = Release|Win32
		{DE067BEB-E42C-4E3A-8BE0-6D4B1441970E}.Release|x86.Build.0 = Release|Win32
	EndGlobalSection
	GlobalSection(SolutionProperties) = preSolution
		HideSolutionNode = FALSE
	EndGlobalSection
	GlobalSection(ExtensibilityGlobals) = postSolution
		SolutionGuid = {8382CB57-D4EF-43CA-84C0-674B3801EB0E}
	EndGlobalSection
EndGlobal
